certifi==2023.7.22 \
    --hash=sha256:85478a6407953dbbe31f782e3c9b72952c1841d05ac7445371fa1ff9d7ea51cc \
    --hash=sha256:92d6037539857d8206b8f6ae472e8b77db8058fec5937a1ef3f54304089edbb9
    # via requests
charset-normalizer==3.1.0 \
    --hash=sha256:2e2eb7f44bc541efc6d333083f1eb1bf9b2ede59eb9c3224f55a6e23b49f06f1 \
    --hash=sha256:3d9098b479e78c85080c98e1e35ff40b4a31d8953102bb0fd7d1b6f8a2111a3d
    # via requests
idna==3.4 \
    --hash=sha256:52926a5baa595cfe5376963d8c5bbed33c4c83628dbd1958fc5734d664701b0c \
    --hash=sha256:90b77e79eaa3eba6de819a0c442c0b4ceefc341a7a2ab77d7562bf49f425c5c2 \
    --hash=sha256:90b77e79eaa3eba6de819a0c442c0b4ceefc341a7a2ab77d7562bf49f425c5c2 \
    --hash=sha256:90b77e79eaa3eba6de819a0c442c0b4ceefc341a7a2ab77d7562bf49f425c5c2 \
    --hash=sha256:90b77e79eaa3eba6de819a0c442c0b4ceefc341a7a2ab77d7562bf49f425c5c2 \
    --hash=sha256:90b77e79eaa3eba6de819a0c442c0b4ceefc341a7a2ab77d7562bf49f425c5c2 \
    --hash=sha256:90b77e79eaa3eba6de819a0c442c0b4ceefc341a7a2ab77d7562bf49f425c5c2 \
    --hash=sha256:90b77e79eaa3eba6de819a0c442c0b4ceefc341a7a2ab77d7562bf49f425c5c2 \
    --hash=sha256:90b77e79eaa3eba6de819a0c442c0b4ceefc341a7a2ab77d7562bf49f425c5c2
    # via requests
pyfakefs==3.7.2 \
    --hash=sha256:8259042941a0690b89d92d55ed8fb1720ca4a83db87713d2fb9717cfd5e5f18e \
    --hash=sha256:9b3718c246ec98ca8269c6d19e9c33c1cc3af32e22bf189bddb921bc7fc16e39 \
    --hash=sha256:9e98f7179507c650ce17824e6493a4effef03e726ffe9f84917f5800266edcc9 \
    --hash=sha256:f415f38fe488b46974700af95f22b37e951a51159403eb9011ca37db0fde8b97 \
    --hash=sha256:f415f38fe488b46974700af95f22b37e951a51159403eb9011ca37db0fde8b97 \
    --hash=sha256:f415f38fe488b46974700af95f22b37e951a51159403eb9011ca37db0fde8b97
requests==2.31.0 \
    --hash=sha256:58cd2187c01e70e6e26505bca751777aa9f2ee0b7f4300988b709f44e013003f \
    --hash=sha256:7c024df3d83d462cc8127c6c9a2dae2e5d2bddb54c1039624ab3baf485d752ca
urllib3==2.0.3 \
    --hash=sha256:48e7fafa40319d358848e1bc6809b208340fafe2096f1725d05d67443d0483d1 \
    --hash=sha256:e8f53a057713d1015942230188267a70017526bcda7d4427b067e4fe9fb53626
    # via requests
